// !$*UTF8*$!
{
	archiveVersion = 1;
	classes = {
	};
	objectVersion = 77;
	objects = {

/* Begin PBXBuildFile section */
		718D78F92F73E7CF00CBF422 /* Twitch Plus For Safari Extension.appex in Embed Foundation Extensions */ = {isa = PBXBuildFile; fileRef = 718D78F82F73E7CF00CBF422 /* Twitch Plus For Safari Extension.appex */; settings = {ATTRIBUTES = (RemoveHeadersOnCopy, ); }; };
		718D79032F73E7CF00CBF422 /* Twitch Plus For Safari Extension.appex in Embed Foundation Extensions */ = {isa = PBXBuildFile; fileRef = 718D79022F73E7CF00CBF422 /* Twitch Plus For Safari Extension.appex */; settings = {ATTRIBUTES = (RemoveHeadersOnCopy, ); }; };
/* End PBXBuildFile section */

/* Begin PBXContainerItemProxy section */
		718D78FA2F73E7CF00CBF422 /* PBXContainerItemProxy */ = {
			isa = PBXContainerItemProxy;
			containerPortal = 718D78BF2F73E7CE00CBF422 /* Project object */;
			proxyType = 1;
			remoteGlobalIDString = 718D78F72F73E7CF00CBF422;
			remoteInfo = "Twitch Plus For Safari Extension (iOS)";
		};
		718D79042F73E7CF00CBF422 /* PBXContainerItemProxy */ = {
			isa = PBXContainerItemProxy;
			containerPortal = 718D78BF2F73E7CE00CBF422 /* Project object */;
			proxyType = 1;
			remoteGlobalIDString = 718D79012F73E7CF00CBF422;
			remoteInfo = "Twitch Plus For Safari Extension (macOS)";
		};
/* End PBXContainerItemProxy section */

/* Begin PBXCopyFilesBuildPhase section */
		718D792B2F73E7CF00CBF422 /* Embed Foundation Extensions */ = {
			isa = PBXCopyFilesBuildPhase;
			buildActionMask = 2147483647;
			dstPath = "";
			dstSubfolderSpec = 13;
			files = (
				718D78F92F73E7CF00CBF422 /* Twitch Plus For Safari Extension.appex in Embed Foundation Extensions */,
			);
			name = "Embed Foundation Extensions";
			runOnlyForDeploymentPostprocessing = 0;
		};
		718D79352F73E7CF00CBF422 /* Embed Foundation Extensions */ = {
			isa = PBXCopyFilesBuildPhase;
			buildActionMask = 2147483647;
			dstPath = "";
			dstSubfolderSpec = 13;
			files = (
				718D79032F73E7CF00CBF422 /* Twitch Plus For Safari Extension.appex in Embed Foundation Extensions */,
			);
			name = "Embed Foundation Extensions";
			runOnlyForDeploymentPostprocessing = 0;
		};
/* End PBXCopyFilesBuildPhase section */

/* Begin PBXFileReference section */
		718D78DB2F73E7CF00CBF422 /* Twitch Plus For Safari.app */ = {isa = PBXFileReference; explicitFileType = wrapper.application; includeInIndex = 0; path = "Twitch Plus For Safari.app"; sourceTree = BUILT_PRODUCTS_DIR; };
		718D78ED2F73E7CF00CBF422 /* Twitch Plus For Safari.app */ = {isa = PBXFileReference; explicitFileType = wrapper.application; includeInIndex = 0; path = "Twitch Plus For Safari.app"; sourceTree = BUILT_PRODUCTS_DIR; };
		718D78F82F73E7CF00CBF422 /* Twitch Plus For Safari Extension.appex */ = {isa = PBXFileReference; explicitFileType = "wrapper.app-extension"; includeInIndex = 0; path = "Twitch Plus For Safari Extension.appex"; sourceTree = BUILT_PRODUCTS_DIR; };
		718D79022F73E7CF00CBF422 /* Twitch Plus For Safari Extension.appex */ = {isa = PBXFileReference; explicitFileType = "wrapper.app-extension"; includeInIndex = 0; path = "Twitch Plus For Safari Extension.appex"; sourceTree = BUILT_PRODUCTS_DIR; };
		718D793D2F73E8C900CBF422 /* safari-extension-reference.md */ = {isa = PBXFileReference; lastKnownFileType = net.daringfireball.markdown; path = "safari-extension-reference.md"; sourceTree = "<group>"; };
		718D793E2F73E8CA00CBF422 /* CLAUDE.md */ = {isa = PBXFileReference; lastKnownFileType = net.daringfireball.markdown; path = CLAUDE.md; sourceTree = "<group>"; };
/* End PBXFileReference section */

/* Begin PBXFileSystemSynchronizedBuildFileExceptionSet section */
		718D79262F73E7CF00CBF422 /* Exceptions for "Shared (App)" folder in "Twitch Plus For Safari (iOS)" target */ = {
			isa = PBXFileSystemSynchronizedBuildFileExceptionSet;
			membershipExceptions = (
				"/Localized: Resources/Main.html",
				Assets.xcassets,
				Resources/Icon.png,
				Resources/Script.js,
				Resources/Style.css,
				ViewController.swift,
			);
			target = 718D78DA2F73E7CF00CBF422 /* Twitch Plus For Safari (iOS) */;
		};
		718D792A2F73E7CF00CBF422 /* Exceptions for "iOS (Extension)" folder in "Twitch Plus For Safari Extension (iOS)" target */ = {
			isa = PBXFileSystemSynchronizedBuildFileExceptionSet;
			membershipExceptions = (
				Info.plist,
			);
			target = 718D78F72F73E7CF00CBF422 /* Twitch Plus For Safari Extension (iOS) */;
		};
		718D792F2F73E7CF00CBF422 /* Exceptions for "iOS (App)" folder in "Twitch Plus For Safari (iOS)" target */ = {
			isa = PBXFileSystemSynchronizedBuildFileExceptionSet;
			membershipExceptions = (
				Info.plist,
			);
			target = 718D78DA2F73E7CF00CBF422 /* Twitch Plus For Safari (iOS) */;
		};
		718D79302F73E7CF00CBF422 /* Exceptions for "Shared (App)" folder in "Twitch Plus For Safari (macOS)" target */ = {
			isa = PBXFileSystemSynchronizedBuildFileExceptionSet;
			membershipExceptions = (
				"/Localized: Resources/Main.html",
				Assets.xcassets,
				Resources/Icon.png,
				Resources/Script.js,
				Resources/Style.css,
				ViewController.swift,
			);
			target = 718D78EC2F73E7CF00CBF422 /* Twitch Plus For Safari (macOS) */;
		};
		718D79342F73E7CF00CBF422 /* Exceptions for "macOS (Extension)" folder in "Twitch Plus For Safari Extension (macOS)" target */ = {
			isa = PBXFileSystemSynchronizedBuildFileExceptionSet;
			membershipExceptions = (
				Info.plist,
			);
			target = 718D79012F73E7CF00CBF422 /* Twitch Plus For Safari Extension (macOS) */;
		};
		718D79392F73E7CF00CBF422 /* Exceptions for "Shared (Extension)" folder in "Twitch Plus For Safari Extension (iOS)" target */ = {
			isa = PBXFileSystemSynchronizedBuildFileExceptionSet;
			membershipExceptions = (
				Resources/_locales,
				Resources/background.js,
				"Resources/content-styles.css",
				Resources/content.js,
				Resources/images,
				Resources/injected.js,
				Resources/manifest.json,
				Resources/popup.css,
				Resources/popup.html,
				Resources/popup.js,
				Resources/strings.js,
				SafariWebExtensionHandler.swift,
			);
			target = 718D78F72F73E7CF00CBF422 /* Twitch Plus For Safari Extension (iOS) */;
		};
		718D793A2F73E7CF00CBF422 /* Exceptions for "Shared (Extension)" folder in "Twitch Plus For Safari Extension (macOS)" target */ = {
			isa = PBXFileSystemSynchronizedBuildFileExceptionSet;
			membershipExceptions = (
				Resources/_locales,
				Resources/background.js,
				"Resources/content-styles.css",
				Resources/content.js,
				Resources/images,
				Resources/injected.js,
				Resources/manifest.json,
				Resources/popup.css,
				Resources/popup.html,
				Resources/popup.js,
				Resources/strings.js,
				SafariWebExtensionHandler.swift,
			);
			target = 718D79012F73E7CF00CBF422 /* Twitch Plus For Safari Extension (macOS) */;
		};
/* End PBXFileSystemSynchronizedBuildFileExceptionSet section */

/* Begin PBXFileSystemSynchronizedRootGroup section */
		718D78C32F73E7CE00CBF422 /* Shared (App) */ = {
			isa = PBXFileSystemSynchronizedRootGroup;
			exceptions = (
				718D79262F73E7CF00CBF422 /* Exceptions for "Shared (App)" folder in "Twitch Plus For Safari (iOS)" target */,
				718D79302F73E7CF00CBF422 /* Exceptions for "Shared (App)" folder in "Twitch Plus For Safari (macOS)" target */,
			);
			path = "Shared (App)";
			sourceTree = "<group>";
		};
		718D78CC2F73E7CF00CBF422 /* Shared (Extension) */ = {
			isa = PBXFileSystemSynchronizedRootGroup;
			exceptions = (
				718D79392F73E7CF00CBF422 /* Exceptions for "Shared (Extension)" folder in "Twitch Plus For Safari Extension (iOS)" target */,
				718D793A2F73E7CF00CBF422 /* Exceptions for "Shared (Extension)" folder in "Twitch Plus For Safari Extension (macOS)" target */,
			);
			explicitFolders = (
				Resources/_locales,
				Resources/images,
			);
			path = "Shared (Extension)";
			sourceTree = "<group>";
		};
		718D78DD2F73E7CF00CBF422 /* iOS (App) */ = {
			isa = PBXFileSystemSynchronizedRootGroup;
			exceptions = (
				718D792F2F73E7CF00CBF422 /* Exceptions for "iOS (App)" folder in "Twitch Plus For Safari (iOS)" target */,
			);
			path = "iOS (App)";
			sourceTree = "<group>";
		};
		718D78EE2F73E7CF00CBF422 /* macOS (App) */ = {
			isa = PBXFileSystemSynchronizedRootGroup;
			path = "macOS (App)";
			sourceTree = "<group>";
		};
		718D78FC2F73E7CF00CBF422 /* iOS (Extension) */ = {
			isa = PBXFileSystemSynchronizedRootGroup;
			exceptions = (
				718D792A2F73E7CF00CBF422 /* Exceptions for "iOS (Extension)" folder in "Twitch Plus For Safari Extension (iOS)" target */,
			);
			path = "iOS (Extension)";
			sourceTree = "<group>";
		};
		718D79062F73E7CF00CBF422 /* macOS (Extension) */ = {
			isa = PBXFileSystemSynchronizedRootGroup;
			exceptions = (
				718D79342F73E7CF00CBF422 /* Exceptions for "macOS (Extension)" folder in "Twitch Plus For Safari Extension (macOS)" target */,
			);
			path = "macOS (Extension)";
			sourceTree = "<group>";
		};
/* End PBXFileSystemSynchronizedRootGroup section */

/* Begin PBXFrameworksBuildPhase section */
		718D78D82F73E7CF00CBF422 /* Frameworks */ = {
			isa = PBXFrameworksBuildPhase;
			buildActionMask = 2147483647;
			files = (
			);
			runOnlyForDeploymentPostprocessing = 0;
		};
		718D78EA2F73E7CF00CBF422 /* Frameworks */ = {
			isa = PBXFrameworksBuildPhase;
			buildActionMask = 2147483647;
			files = (
			);
			runOnlyForDeploymentPostprocessing = 0;
		};
		718D78F52F73E7CF00CBF422 /* Frameworks */ = {
			isa = PBXFrameworksBuildPhase;
			buildActionMask = 2147483647;
			files = (
			);
			runOnlyForDeploymentPostprocessing = 0;
		};
		718D78FF2F73E7CF00CBF422 /* Frameworks */ = {
			isa = PBXFrameworksBuildPhase;
			buildActionMask = 2147483647;
			files = (
			);
			runOnlyForDeploymentPostprocessing = 0;
		};
/* End PBXFrameworksBuildPhase section */

/* Begin PBXGroup section */
		718D78BE2F73E7CE00CBF422 = {
			isa = PBXGroup;
			children = (
				718D78C32F73E7CE00CBF422 /* Shared (App) */,
				718D78CC2F73E7CF00CBF422 /* Shared (Extension) */,
				718D78DD2F73E7CF00CBF422 /* iOS (App) */,
				718D78EE2F73E7CF00CBF422 /* macOS (App) */,
				718D78FC2F73E7CF00CBF422 /* iOS (Extension) */,
				718D79062F73E7CF00CBF422 /* macOS (Extension) */,
				718D78DC2F73E7CF00CBF422 /* Products */,
				718D793D2F73E8C900CBF422 /* safari-extension-reference.md */,
				718D793E2F73E8CA00CBF422 /* CLAUDE.md */,
			);
			sourceTree = "<group>";
		};
		718D78DC2F73E7CF00CBF422 /* Products */ = {
			isa = PBXGroup;
			children = (
				718D78DB2F73E7CF00CBF422 /* Twitch Plus For Safari.app */,
				718D78ED2F73E7CF00CBF422 /* Twitch Plus For Safari.app */,
				718D78F82F73E7CF00CBF422 /* Twitch Plus For Safari Extension.appex */,
				718D79022F73E7CF00CBF422 /* Twitch Plus For Safari Extension.appex */,
			);
			name = Products;
			sourceTree = "<group>";
		};
/* End PBXGroup section */

/* Begin PBXNativeTarget section */
		718D78DA2F73E7CF00CBF422 /* Twitch Plus For Safari (iOS) */ = {
			isa = PBXNativeTarget;
			buildConfigurationList = 718D792C2F73E7CF00CBF422 /* Build configuration list for PBXNativeTarget "Twitch Plus For Safari (iOS)" */;
			buildPhases = (
				718D78D72F73E7CF00CBF422 /* Sources */,
				718D78D82F73E7CF00CBF422 /* Frameworks */,
				718D78D92F73E7CF00CBF422 /* Resources */,
				718D792B2F73E7CF00CBF422 /* Embed Foundation Extensions */,
			);
			buildRules = (
			);
			dependencies = (
				718D78FB2F73E7CF00CBF422 /* PBXTargetDependency */,
			);
			fileSystemSynchronizedGroups = (
				718D78DD2F73E7CF00CBF422 /* iOS (App) */,
			);
			name = "Twitch Plus For Safari (iOS)";
			packageProductDependencies = (
			);
			productName = "Twitch Plus For Safari (iOS)";
			productReference = 718D78DB2F73E7CF00CBF422 /* Twitch Plus For Safari.app */;
			productType = "com.apple.product-type.application";
		};
		718D78EC2F73E7CF00CBF422 /* Twitch Plus For Safari (macOS) */ = {
			isa = PBXNativeTarget;
			buildConfigurationList = 718D79362F73E7CF00CBF422 /* Build configuration list for PBXNativeTarget "Twitch Plus For Safari (macOS)" */;
			buildPhases = (
				718D78E92F73E7CF00CBF422 /* Sources */,
				718D78EA2F73E7CF00CBF422 /* Frameworks */,
				718D78EB2F73E7CF00CBF422 /* Resources */,
				718D79352F73E7CF00CBF422 /* Embed Foundation Extensions */,
			);
			buildRules = (
			);
			dependencies = (
				718D79052F73E7CF00CBF422 /* PBXTargetDependency */,
			);
			fileSystemSynchronizedGroups = (
				718D78EE2F73E7CF00CBF422 /* macOS (App) */,
			);
			name = "Twitch Plus For Safari (macOS)";
			packageProductDependencies = (
			);
			productName = "Twitch Plus For Safari (macOS)";
			productReference = 718D78ED2F73E7CF00CBF422 /* Twitch Plus For Safari.app */;
			productType = "com.apple.product-type.application";
		};
		718D78F72F73E7CF00CBF422 /* Twitch Plus For Safari Extension (iOS) */ = {
			isa = PBXNativeTarget;
			buildConfigurationList = 718D79272F73E7CF00CBF422 /* Build configuration list for PBXNativeTarget "Twitch Plus For Safari Extension (iOS)" */;
			buildPhases = (
				718D78F42F73E7CF00CBF422 /* Sources */,
				718D78F52F73E7CF00CBF422 /* Frameworks */,
				718D78F62F73E7CF00CBF422 /* Resources */,
			);
			buildRules = (
			);
			dependencies = (
			);
			fileSystemSynchronizedGroups = (
				718D78FC2F73E7CF00CBF422 /* iOS (Extension) */,
			);
			name = "Twitch Plus For Safari Extension (iOS)";
			packageProductDependencies = (
			);
			productName = "Twitch Plus For Safari Extension (iOS)";
			productReference = 718D78F82F73E7CF00CBF422 /* Twitch Plus For Safari Extension.appex */;
			productType = "com.apple.product-type.app-extension";
		};
		718D79012F73E7CF00CBF422 /* Twitch Plus For Safari Extension (macOS) */ = {
			isa = PBXNativeTarget;
			buildConfigurationList = 718D79312F73E7CF00CBF422 /* Build configuration list for PBXNativeTarget "Twitch Plus For Safari Extension (macOS)" */;
			buildPhases = (
				718D78FE2F73E7CF00CBF422 /* Sources */,
				718D78FF2F73E7CF00CBF422 /* Frameworks */,
				718D79002F73E7CF00CBF422 /* Resources */,
			);
			buildRules = (
			);
			dependencies = (
			);
			fileSystemSynchronizedGroups = (
				718D79062F73E7CF00CBF422 /* macOS (Extension) */,
			);
			name = "Twitch Plus For Safari Extension (macOS)";
			packageProductDependencies = (
			);
			productName = "Twitch Plus For Safari Extension (macOS)";
			productReference = 718D79022F73E7CF00CBF422 /* Twitch Plus For Safari Extension.appex */;
			productType = "com.apple.product-type.app-extension";
		};
/* End PBXNativeTarget section */

/* Begin PBXProject section */
		718D78BF2F73E7CE00CBF422 /* Project object */ = {
			isa = PBXProject;
			attributes = {
				BuildIndependentTargetsInParallel = 1;
				LastSwiftUpdateCheck = 2630;
				LastUpgradeCheck = 2630;
				TargetAttributes = {
					718D78DA2F73E7CF00CBF422 = {
						CreatedOnToolsVersion = 26.3;
					};
					718D78EC2F73E7CF00CBF422 = {
						CreatedOnToolsVersion = 26.3;
					};
					718D78F72F73E7CF00CBF422 = {
						CreatedOnToolsVersion = 26.3;
					};
					718D79012F73E7CF00CBF422 = {
						CreatedOnToolsVersion = 26.3;
					};
				};
			};
			buildConfigurationList = 718D78C22F73E7CE00CBF422 /* Build configuration list for PBXProject "Twitch Plus For Safari" */;
			developmentRegion = en;
			hasScannedForEncodings = 0;
			knownRegions = (
				en,
				Base,
			);
			mainGroup = 718D78BE2F73E7CE00CBF422;
			minimizedProjectReferenceProxies = 1;
			preferredProjectObjectVersion = 77;
			productRefGroup = 718D78DC2F73E7CF00CBF422 /* Products */;
			projectDirPath = "";
			projectRoot = "";
			targets = (
				718D78DA2F73E7CF00CBF422 /* Twitch Plus For Safari (iOS) */,
				718D78EC2F73E7CF00CBF422 /* Twitch Plus For Safari (macOS) */,
				718D78F72F73E7CF00CBF422 /* Twitch Plus For Safari Extension (iOS) */,
				718D79012F73E7CF00CBF422 /* Twitch Plus For Safari Extension (macOS) */,
			);
		};
/* End PBXProject section */

/* Begin PBXResourcesBuildPhase section */
		718D78D92F73E7CF00CBF422 /* Resources */ = {
			isa = PBXResourcesBuildPhase;
			buildActionMask = 2147483647;
			files = (
			);
			runOnlyForDeploymentPostprocessing = 0;
		};
		718D78EB2F73E7CF00CBF422 /* Resources */ = {
			isa = PBXResourcesBuildPhase;
			buildActionMask = 2147483647;
			files = (
			);
			runOnlyForDeploymentPostprocessing = 0;
		};
		718D78F62F73E7CF00CBF422 /* Resources */ = {
			isa = PBXResourcesBuildPhase;
			buildActionMask = 2147483647;
			files = (
			);
			runOnlyForDeploymentPostprocessing = 0;
		};
		718D79002F73E7CF00CBF422 /* Resources */ = {
			isa = PBXResourcesBuildPhase;
			buildActionMask = 2147483647;
			files = (
			);
			runOnlyForDeploymentPostprocessing = 0;
		};
/* End PBXResourcesBuildPhase section */

/* Begin PBXSourcesBuildPhase section */
		718D78D72F73E7CF00CBF422 /* Sources */ = {
			isa = PBXSourcesBuildPhase;
			buildActionMask = 2147483647;
			files = (
			);
			runOnlyForDeploymentPostprocessing = 0;
		};
		718D78E92F73E7CF00CBF422 /* Sources */ = {
			isa = PBXSourcesBuildPhase;
			buildActionMask = 2147483647;
			files = (
			);
			runOnlyForDeploymentPostprocessing = 0;
		};
		718D78F42F73E7CF00CBF422 /* Sources */ = {
			isa = PBXSourcesBuildPhase;
			buildActionMask = 2147483647;
			files = (
			);
			runOnlyForDeploymentPostprocessing = 0;
		};
		718D78FE2F73E7CF00CBF422 /* Sources */ = {
			isa = PBXSourcesBuildPhase;
			buildActionMask = 2147483647;
			files = (
			);
			runOnlyForDeploymentPostprocessing = 0;
		};
/* End PBXSourcesBuildPhase section */

/* Begin PBXTargetDependency section */
		718D78FB2F73E7CF00CBF422 /* PBXTargetDependency */ = {
			isa = PBXTargetDependency;
			target = 718D78F72F73E7CF00CBF422 /* Twitch Plus For Safari Extension (iOS) */;
			targetProxy = 718D78FA2F73E7CF00CBF422 /* PBXContainerItemProxy */;
		};
		718D79052F73E7CF00CBF422 /* PBXTargetDependency */ = {
			isa = PBXTargetDependency;
			target = 718D79012F73E7CF00CBF422 /* Twitch Plus For Safari Extension (macOS) */;
			targetProxy = 718D79042F73E7CF00CBF422 /* PBXContainerItemProxy */;
		};
/* End PBXTargetDependency section */

/* Begin XCBuildConfiguration section */
		718D79282F73E7CF00CBF422 /* Debug */ = {
			isa = XCBuildConfiguration;
			buildSettings = {
				CODE_SIGN_STYLE = Automatic;
				CURRENT_PROJECT_VERSION = 3;
				DEVELOPMENT_TEAM = 52XNM6SN8Q;
				GENERATE_INFOPLIST_FILE = YES;
				INFOPLIST_FILE = "iOS (Extension)/Info.plist";
				INFOPLIST_KEY_CFBundleDisplayName = "Twitch Plus For Safari Extension";
				INFOPLIST_KEY_NSHumanReadableCopyright = "";
				IPHONEOS_DEPLOYMENT_TARGET = 15.0;
				LD_RUNPATH_SEARCH_PATHS = (
					"$(inherited)",
					"@executable_path/Frameworks",
					"@executable_path/../../Frameworks",
				);
				MARKETING_VERSION = 2.0.0;
				OTHER_LDFLAGS = (
					"-framework",
					SafariServices,
				);
				PRODUCT_BUNDLE_IDENTIFIER = "Pols.Twitch-Plus-For-Safari.Extension";
				PRODUCT_NAME = "Twitch Plus For Safari Extension";
				SDKROOT = iphoneos;
				SKIP_INSTALL = YES;
				STRING_CATALOG_GENERATE_SYMBOLS = YES;
				SWIFT_APPROACHABLE_CONCURRENCY = YES;
				SWIFT_EMIT_LOC_STRINGS = YES;
				SWIFT_UPCOMING_FEATURE_MEMBER_IMPORT_VISIBILITY = YES;
				SWIFT_VERSION = 5.0;
				TARGETED_DEVICE_FAMILY = "1,2";
			};
			name = Debug;
		};
		718D79292F73E7CF00CBF422 /* Release */ = {
			isa = XCBuildConfiguration;
			buildSettings = {
				CODE_SIGN_STYLE = Automatic;
				CURRENT_PROJECT_VERSION = 3;
				DEVELOPMENT_TEAM = 52XNM6SN8Q;
				GENERATE_INFOPLIST_FILE = YES;
				INFOPLIST_FILE = "iOS (Extension)/Info.plist";
				INFOPLIST_KEY_CFBundleDisplayName = "Twitch Plus For Safari Extension";
				INFOPLIST_KEY_NSHumanReadableCopyright = "";
				IPHONEOS_DEPLOYMENT_TARGET = 15.0;
				LD_RUNPATH_SEARCH_PATHS = (
					"$(inherited)",
					"@executable_path/Frameworks",
					"@executable_path/../../Frameworks",
				);
				MARKETING_VERSION = 2.0.0;
				OTHER_LDFLAGS = (
					"-framework",
					SafariServices,
				);
				PRODUCT_BUNDLE_IDENTIFIER = "Pols.Twitch-Plus-For-Safari.Extension";
				PRODUCT_NAME = "Twitch Plus For Safari Extension";
				SDKROOT = iphoneos;
				SKIP_INSTALL = YES;
				STRING_CATALOG_GENERATE_SYMBOLS = YES;
				SWIFT_APPROACHABLE_CONCURRENCY = YES;
				SWIFT_EMIT_LOC_STRINGS = YES;
				SWIFT_UPCOMING_FEATURE_MEMBER_IMPORT_VISIBILITY = YES;
				SWIFT_VERSION = 5.0;
				TARGETED_DEVICE_FAMILY = "1,2";
				VALIDATE_PRODUCT = YES;
			};
			name = Release;
		};
		718D792D2F73E7CF00CBF422 /* Debug */ = {
			isa = XCBuildConfiguration;
			buildSettings = {
				ASSETCATALOG_COMPILER_APPICON_NAME = AppIcon;
				ASSETCATALOG_COMPILER_GLOBAL_ACCENT_COLOR_NAME = AccentColor;
				CODE_SIGN_STYLE = Automatic;
				CURRENT_PROJECT_VERSION = 3;
				DEVELOPMENT_TEAM = 52XNM6SN8Q;
				GENERATE_INFOPLIST_FILE = YES;
				INFOPLIST_FILE = "iOS (App)/Info.plist";
				INFOPLIST_KEY_CFBundleDisplayName = "Twitch Plus For Safari";
				INFOPLIST_KEY_LSApplicationCategoryType = "public.app-category.utilities";
				INFOPLIST_KEY_UIApplicationSupportsIndirectInputEvents = YES;
				INFOPLIST_KEY_UILaunchStoryboardName = LaunchScreen;
				INFOPLIST_KEY_UIMainStoryboardFile = Main;
				INFOPLIST_KEY_UISupportedInterfaceOrientations = "UIInterfaceOrientationPortrait UIInterfaceOrientationLandscapeLeft UIInterfaceOrientationLandscapeRight";
				INFOPLIST_KEY_UISupportedInterfaceOrientations_iPad = "UIInterfaceOrientationPortrait UIInterfaceOrientationPortraitUpsideDown UIInterfaceOrientationLandscapeLeft UIInterfaceOrientationLandscapeRight";
				IPHONEOS_DEPLOYMENT_TARGET = 15.0;
				LD_RUNPATH_SEARCH_PATHS = (
					"$(inherited)",
					"@executable_path/Frameworks",
				);
				MARKETING_VERSION = 2.0.0;
				OTHER_LDFLAGS = (
					"-framework",
					SafariServices,
					"-framework",
					WebKit,
				);
				PRODUCT_BUNDLE_IDENTIFIER = "Pols.Twitch-Plus-For-Safari";
				PRODUCT_NAME = "Twitch Plus For Safari";
				SDKROOT = iphoneos;
				STRING_CATALOG_GENERATE_SYMBOLS = YES;
				SWIFT_APPROACHABLE_CONCURRENCY = YES;
				SWIFT_DEFAULT_ACTOR_ISOLATION = MainActor;
				SWIFT_EMIT_LOC_STRINGS = YES;
				SWIFT_UPCOMING_FEATURE_MEMBER_IMPORT_VISIBILITY = YES;
				SWIFT_VERSION = 5.0;
				TARGETED_DEVICE_FAMILY = "1,2";
			};
			name = Debug;
		};
		718D792E2F73E7CF00CBF422 /* Release */ = {
			isa = XCBuildConfiguration;
			buildSettings = {
				ASSETCATALOG_COMPILER_APPICON_NAME = AppIcon;
				ASSETCATALOG_COMPILER_GLOBAL_ACCENT_COLOR_NAME = AccentColor;
				CODE_SIGN_STYLE = Automatic;
				CURRENT_PROJECT_VERSION = 3;
				DEVELOPMENT_TEAM = 52XNM6SN8Q;
				GENERATE_INFOPLIST_FILE = YES;
				INFOPLIST_FILE = "iOS (App)/Info.plist";
				INFOPLIST_KEY_CFBundleDisplayName = "Twitch Plus For Safari";
				INFOPLIST_KEY_LSApplicationCategoryType = "public.app-category.utilities";
				INFOPLIST_KEY_UIApplicationSupportsIndirectInputEvents = YES;
				INFOPLIST_KEY_UILaunchStoryboardName = LaunchScreen;
				INFOPLIST_KEY_UIMainStoryboardFile = Main;
				INFOPLIST_KEY_UISupportedInterfaceOrientations = "UIInterfaceOrientationPortrait UIInterfaceOrientationLandscapeLeft UIInterfaceOrientationLandscapeRight";
				INFOPLIST_KEY_UISupportedInterfaceOrientations_iPad = "UIInterfaceOrientationPortrait UIInterfaceOrientationPortraitUpsideDown UIInterfaceOrientationLandscapeLeft UIInterfaceOrientationLandscapeRight";
				IPHONEOS_DEPLOYMENT_TARGET = 15.0;
				LD_RUNPATH_SEARCH_PATHS = (
					"$(inherited)",
					"@executable_path/Frameworks",
				);
				MARKETING_VERSION = 2.0.0;
				OTHER_LDFLAGS = (
					"-framework",
					SafariServices,
					"-framework",
					WebKit,
				);
				PRODUCT_BUNDLE_IDENTIFIER = "Pols.Twitch-Plus-For-Safari";
				PRODUCT_NAME = "Twitch Plus For Safari";
				SDKROOT = iphoneos;
				STRING_CATALOG_GENERATE_SYMBOLS = YES;
				SWIFT_APPROACHABLE_CONCURRENCY = YES;
				SWIFT_DEFAULT_ACTOR_ISOLATION = MainActor;
				SWIFT_EMIT_LOC_STRINGS = YES;
				SWIFT_UPCOMING_FEATURE_MEMBER_IMPORT_VISIBILITY = YES;
				SWIFT_VERSION = 5.0;
				TARGETED_DEVICE_FAMILY = "1,2";
				VALIDATE_PRODUCT = YES;
			};
			name = Release;
		};
		718D79322F73E7CF00CBF422 /* Debug */ = {
			isa = XCBuildConfiguration;
			buildSettings = {
				CODE_SIGN_STYLE = Automatic;
				CURRENT_PROJECT_VERSION = 3;
				DEVELOPMENT_TEAM = 52XNM6SN8Q;
				ENABLE_APP_SANDBOX = YES;
				ENABLE_HARDENED_RUNTIME = YES;
				ENABLE_USER_SELECTED_FILES = readonly;
				GENERATE_INFOPLIST_FILE = YES;
				INFOPLIST_FILE = "macOS (Extension)/Info.plist";
				INFOPLIST_KEY_CFBundleDisplayName = "Twitch Plus For Safari Extension";
				INFOPLIST_KEY_NSHumanReadableCopyright = "";
				LD_RUNPATH_SEARCH_PATHS = (
					"$(inherited)",
					"@executable_path/../Frameworks",
					"@executable_path/../../../../Frameworks",
				);
				MACOSX_DEPLOYMENT_TARGET = 10.14;
				MARKETING_VERSION = 2.0.0;
				OTHER_LDFLAGS = (
					"-framework",
					SafariServices,
				);
				PRODUCT_BUNDLE_IDENTIFIER = "Pols.Twitch-Plus-For-Safari.Extension";
				PRODUCT_NAME = "Twitch Plus For Safari Extension";
				SDKROOT = macosx;
				SKIP_INSTALL = YES;
				STRING_CATALOG_GENERATE_SYMBOLS = YES;
				SWIFT_APPROACHABLE_CONCURRENCY = YES;
				SWIFT_EMIT_LOC_STRINGS = YES;
				SWIFT_UPCOMING_FEATURE_MEMBER_IMPORT_VISIBILITY = YES;
				SWIFT_VERSION = 5.0;
			};
			name = Debug;
		};
		718D79332F73E7CF00CBF422 /* Release */ = {
			isa = XCBuildConfiguration;
			buildSettings = {
				CODE_SIGN_STYLE = Automatic;
				CURRENT_PROJECT_VERSION = 3;
				DEVELOPMENT_TEAM = 52XNM6SN8Q;
				ENABLE_APP_SANDBOX = YES;
				ENABLE_HARDENED_RUNTIME = YES;
				ENABLE_USER_SELECTED_FILES = readonly;
				GENERATE_INFOPLIST_FILE = YES;
				INFOPLIST_FILE = "macOS (Extension)/Info.plist";
				INFOPLIST_KEY_CFBundleDisplayName = "Twitch Plus For Safari Extension";
				INFOPLIST_KEY_NSHumanReadableCopyright = "";
				LD_RUNPATH_SEARCH_PATHS = (
					"$(inherited)",
					"@executable_path/../Frameworks",
					"@executable_path/../../../../Frameworks",
				);
				MACOSX_DEPLOYMENT_TARGET = 10.14;
				MARKETING_VERSION = 2.0.0;
				OTHER_LDFLAGS = (
					"-framework",
					SafariServices,
				);
				PRODUCT_BUNDLE_IDENTIFIER = "Pols.Twitch-Plus-For-Safari.Extension";
				PRODUCT_NAME = "Twitch Plus For Safari Extension";
				SDKROOT = macosx;
				SKIP_INSTALL = YES;
				STRING_CATALOG_GENERATE_SYMBOLS = YES;
				SWIFT_APPROACHABLE_CONCURRENCY = YES;
				SWIFT_EMIT_LOC_STRINGS = YES;
				SWIFT_UPCOMING_FEATURE_MEMBER_IMPORT_VISIBILITY = YES;
				SWIFT_VERSION = 5.0;
			};
			name = Release;
		};
		718D79372F73E7CF00CBF422 /* Debug */ = {
			isa = XCBuildConfiguration;
			buildSettings = {
				ASSETCATALOG_COMPILER_APPICON_NAME = AppIcon;
				ASSETCATALOG_COMPILER_GLOBAL_ACCENT_COLOR_NAME = AccentColor;
				CODE_SIGN_STYLE = Automatic;
				CURRENT_PROJECT_VERSION = 3;
				DEVELOPMENT_TEAM = 52XNM6SN8Q;
				ENABLE_APP_SANDBOX = YES;
				ENABLE_HARDENED_RUNTIME = YES;
				ENABLE_OUTGOING_NETWORK_CONNECTIONS = YES;
				ENABLE_USER_SELECTED_FILES = readonly;
				GENERATE_INFOPLIST_FILE = YES;
				INFOPLIST_KEY_CFBundleDisplayName = "Twitch Plus For Safari";
				INFOPLIST_KEY_LSApplicationCategoryType = "public.app-category.utilities";
				INFOPLIST_KEY_NSMainStoryboardFile = Main;
				INFOPLIST_KEY_NSPrincipalClass = NSApplication;
				LD_RUNPATH_SEARCH_PATHS = (
					"$(inherited)",
					"@executable_path/../Frameworks",
				);
				MACOSX_DEPLOYMENT_TARGET = 10.14;
				MARKETING_VERSION = 2.0.0;
				OTHER_LDFLAGS = (
					"-framework",
					SafariServices,
					"-framework",
					WebKit,
				);
				PRODUCT_BUNDLE_IDENTIFIER = "Pols.Twitch-Plus-For-Safari";
				PRODUCT_NAME = "Twitch Plus For Safari";
				REGISTER_APP_GROUPS = YES;
				SDKROOT = macosx;
				STRING_CATALOG_GENERATE_SYMBOLS = YES;
				SWIFT_APPROACHABLE_CONCURRENCY = YES;
				SWIFT_DEFAULT_ACTOR_ISOLATION = MainActor;
				SWIFT_EMIT_LOC_STRINGS = YES;
				SWIFT_UPCOMING_FEATURE_MEMBER_IMPORT_VISIBILITY = YES;
				SWIFT_VERSION = 5.0;
			};
			name = Debug;
		};
		718D79382F73E7CF00CBF422 /* Release */ = {
			isa = XCBuildConfiguration;
			buildSettings = {
				ASSETCATALOG_COMPILER_APPICON_NAME = AppIcon;
				ASSETCATALOG_COMPILER_GLOBAL_ACCENT_COLOR_NAME = AccentColor;
				CODE_SIGN_STYLE = Automatic;
				CURRENT_PROJECT_VERSION = 3;
				DEVELOPMENT_TEAM = 52XNM6SN8Q;
				ENABLE_APP_SANDBOX = YES;
				ENABLE_HARDENED_RUNTIME = YES;
				ENABLE_OUTGOING_NETWORK_CONNECTIONS = YES;
				ENABLE_USER_SELECTED_FILES = readonly;
				GENERATE_INFOPLIST_FILE = YES;
				INFOPLIST_KEY_CFBundleDisplayName = "Twitch Plus For Safari";
				INFOPLIST_KEY_LSApplicationCategoryType = "public.app-category.utilities";
				INFOPLIST_KEY_NSMainStoryboardFile = Main;
				INFOPLIST_KEY_NSPrincipalClass = NSApplication;
				LD_RUNPATH_SEARCH_PATHS = (
					"$(inherited)",
					"@executable_path/../Frameworks",
				);
				MACOSX_DEPLOYMENT_TARGET = 10.14;
				MARKETING_VERSION = 2.0.0;
				OTHER_LDFLAGS = (
					"-framework",
					SafariServices,
					"-framework",
					WebKit,
				);
				PRODUCT_BUNDLE_IDENTIFIER = "Pols.Twitch-Plus-For-Safari";
				PRODUCT_NAME = "Twitch Plus For Safari";
				REGISTER_APP_GROUPS = YES;
				SDKROOT = macosx;
				STRING_CATALOG_GENERATE_SYMBOLS = YES;
				SWIFT_APPROACHABLE_CONCURRENCY = YES;
				SWIFT_DEFAULT_ACTOR_ISOLATION = MainActor;
				SWIFT_EMIT_LOC_STRINGS = YES;
				SWIFT_UPCOMING_FEATURE_MEMBER_IMPORT_VISIBILITY = YES;
				SWIFT_VERSION = 5.0;
			};
			name = Release;
		};
		718D793B2F73E7CF00CBF422 /* Debug */ = {
			isa = XCBuildConfiguration;
			buildSettings = {
				ALWAYS_SEARCH_USER_PATHS = NO;
				ASSETCATALOG_COMPILER_GENERATE_SWIFT_ASSET_SYMBOL_EXTENSIONS = YES;
				CLANG_ANALYZER_NONNULL = YES;
				CLANG_ANALYZER_NUMBER_OBJECT_CONVERSION = YES_AGGRESSIVE;
				CLANG_CXX_LANGUAGE_STANDARD = "gnu++20";
				CLANG_ENABLE_MODULES = YES;
				CLANG_ENABLE_OBJC_ARC = YES;
				CLANG_ENABLE_OBJC_WEAK = YES;
				CLANG_WARN_BLOCK_CAPTURE_AUTORELEASING = YES;
				CLANG_WARN_BOOL_CONVERSION = YES;
				CLANG_WARN_COMMA = YES;
				CLANG_WARN_CONSTANT_CONVERSION = YES;
				CLANG_WARN_DEPRECATED_OBJC_IMPLEMENTATIONS = YES;
				CLANG_WARN_DIRECT_OBJC_ISA_USAGE = YES_ERROR;
				CLANG_WARN_DOCUMENTATION_COMMENTS = YES;
				CLANG_WARN_EMPTY_BODY = YES;
				CLANG_WARN_ENUM_CONVERSION = YES;
				CLANG_WARN_INFINITE_RECURSION = YES;
				CLANG_WARN_INT_CONVERSION = YES;
				CLANG_WARN_NON_LITERAL_NULL_CONVERSION = YES;
				CLANG_WARN_OBJC_IMPLICIT_RETAIN_SELF = YES;
				CLANG_WARN_OBJC_LITERAL_CONVERSION = YES;
				CLANG_WARN_OBJC_ROOT_CLASS = YES_ERROR;
				CLANG_WARN_QUOTED_INCLUDE_IN_FRAMEWORK_HEADER = YES;
				CLANG_WARN_RANGE_LOOP_ANALYSIS = YES;
				CLANG_WARN_STRICT_PROTOTYPES = YES;
				CLANG_WARN_SUSPICIOUS_MOVE = YES;
				CLANG_WARN_UNGUARDED_AVAILABILITY = YES_AGGRESSIVE;
				CLANG_WARN_UNREACHABLE_CODE = YES;
				CLANG_WARN__DUPLICATE_METHOD_MATCH = YES;
				COPY_PHASE_STRIP = NO;
				DEBUG_INFORMATION_FORMAT = dwarf;
				DEVELOPMENT_TEAM = 52XNM6SN8Q;
				ENABLE_STRICT_OBJC_MSGSEND = YES;
				ENABLE_TESTABILITY = YES;
				ENABLE_USER_SCRIPT_SANDBOXING = YES;
				GCC_C_LANGUAGE_STANDARD = gnu17;
				GCC_DYNAMIC_NO_PIC = NO;
				GCC_NO_COMMON_BLOCKS = YES;
				GCC_OPTIMIZATION_LEVEL = 0;
				GCC_PREPROCESSOR_DEFINITIONS = (
					"DEBUG=1",
					"$(inherited)",
				);
				GCC_WARN_64_TO_32_BIT_CONVERSION = YES;
				GCC_WARN_ABOUT_RETURN_TYPE = YES_ERROR;
				GCC_WARN_UNDECLARED_SELECTOR = YES;
				GCC_WARN_UNINITIALIZED_AUTOS = YES_AGGRESSIVE;
				GCC_WARN_UNUSED_FUNCTION = YES;
				GCC_WARN_UNUSED_VARIABLE = YES;
				LOCALIZATION_PREFERS_STRING_CATALOGS = YES;
				MTL_ENABLE_DEBUG_INFO = INCLUDE_SOURCE;
				MTL_FAST_MATH = YES;
				ONLY_ACTIVE_ARCH = YES;
				SWIFT_ACTIVE_COMPILATION_CONDITIONS = "DEBUG $(inherited)";
				SWIFT_OPTIMIZATION_LEVEL = "-Onone";
			};
			name = Debug;
		};
		718D793C2F73E7CF00CBF422 /* Release */ = {
			isa = XCBuildConfiguration;
			buildSettings = {
				ALWAYS_SEARCH_USER_PATHS = NO;
				ASSETCATALOG_COMPILER_GENERATE_SWIFT_ASSET_SYMBOL_EXTENSIONS = YES;
				CLANG_ANALYZER_NONNULL = YES;
				CLANG_ANALYZER_NUMBER_OBJECT_CONVERSION = YES_AGGRESSIVE;
				CLANG_CXX_LANGUAGE_STANDARD = "gnu++20";
				CLANG_ENABLE_MODULES = YES;
				CLANG_ENABLE_OBJC_ARC = YES;
				CLANG_ENABLE_OBJC_WEAK = YES;
				CLANG_WARN_BLOCK_CAPTURE_AUTORELEASING = YES;
				CLANG_WARN_BOOL_CONVERSION = YES;
				CLANG_WARN_COMMA = YES;
				CLANG_WARN_CONSTANT_CONVERSION = YES;
				CLANG_WARN_DEPRECATED_OBJC_IMPLEMENTATIONS = YES;
				CLANG_WARN_DIRECT_OBJC_ISA_USAGE = YES_ERROR;
				CLANG_WARN_DOCUMENTATION_COMMENTS = YES;
				CLANG_WARN_EMPTY_BODY = YES;
				CLANG_WARN_ENUM_CONVERSION = YES;
				CLANG_WARN_INFINITE_RECURSION = YES;
				CLANG_WARN_INT_CONVERSION = YES;
				CLANG_WARN_NON_LITERAL_NULL_CONVERSION = YES;
				CLANG_WARN_OBJC_IMPLICIT_RETAIN_SELF = YES;
				CLANG_WARN_OBJC_LITERAL_CONVERSION = YES;
				CLANG_WARN_OBJC_ROOT_CLASS = YES_ERROR;
				CLANG_WARN_QUOTED_INCLUDE_IN_FRAMEWORK_HEADER = YES;
				CLANG_WARN_RANGE_LOOP_ANALYSIS = YES;
				CLANG_WARN_STRICT_PROTOTYPES = YES;
				CLANG_WARN_SUSPICIOUS_MOVE = YES;
				CLANG_WARN_UNGUARDED_AVAILABILITY = YES_AGGRESSIVE;
				CLANG_WARN_UNREACHABLE_CODE = YES;
				CLANG_WARN__DUPLICATE_METHOD_MATCH = YES;
				COPY_PHASE_STRIP = NO;
				DEBUG_INFORMATION_FORMAT = "dwarf-with-dsym";
				DEVELOPMENT_TEAM = 52XNM6SN8Q;
				ENABLE_NS_ASSERTIONS = NO;
				ENABLE_STRICT_OBJC_MSGSEND = YES;
				ENABLE_USER_SCRIPT_SANDBOXING = YES;
				GCC_C_LANGUAGE_STANDARD = gnu17;
				GCC_NO_COMMON_BLOCKS = YES;
				GCC_WARN_64_TO_32_BIT_CONVERSION = YES;
				GCC_WARN_ABOUT_RETURN_TYPE = YES_ERROR;
				GCC_WARN_UNDECLARED_SELECTOR = YES;
				GCC_WARN_UNINITIALIZED_AUTOS = YES_AGGRESSIVE;
				GCC_WARN_UNUSED_FUNCTION = YES;
				GCC_WARN_UNUSED_VARIABLE = YES;
				LOCALIZATION_PREFERS_STRING_CATALOGS = YES;
				MTL_ENABLE_DEBUG_INFO = NO;
				MTL_FAST_MATH = YES;
				SWIFT_COMPILATION_MODE = wholemodule;
			};
			name = Release;
		};
/* End XCBuildConfiguration section */

/* Begin XCConfigurationList section */
		718D78C22F73E7CE00CBF422 /* Build configuration list for PBXProject "Twitch Plus For Safari" */ = {
			isa = XCConfigurationList;
			buildConfigurations = (
				718D793B2F73E7CF00CBF422 /* Debug */,
				718D793C2F73E7CF00CBF422 /* Release */,
			);
			defaultConfigurationIsVisible = 0;
			defaultConfigurationName = Release;
		};
		718D79272F73E7CF00CBF422 /* Build configuration list for PBXNativeTarget "Twitch Plus For Safari Extension (iOS)" */ = {
			isa = XCConfigurationList;
			buildConfigurations = (
				718D79282F73E7CF00CBF422 /* Debug */,
				718D79292F73E7CF00CBF422 /* Release */,
			);
			defaultConfigurationIsVisible = 0;
			defaultConfigurationName = Release;
		};
		718D792C2F73E7CF00CBF422 /* Build configuration list for PBXNativeTarget "Twitch Plus For Safari (iOS)" */ = {
			isa = XCConfigurationList;
			buildConfigurations = (
				718D792D2F73E7CF00CBF422 /* Debug */,
				718D792E2F73E7CF00CBF422 /* Release */,
			);
			defaultConfigurationIsVisible = 0;
			defaultConfigurationName = Release;
		};
		718D79312F73E7CF00CBF422 /* Build configuration list for PBXNativeTarget "Twitch Plus For Safari Extension (macOS)" */ = {
			isa = XCConfigurationList;
			buildConfigurations = (
				718D79322F73E7CF00CBF422 /* Debug */,
				718D79332F73E7CF00CBF422 /* Release */,
			);
			defaultConfigurationIsVisible = 0;
			defaultConfigurationName = Release;
		};
		718D79362F73E7CF00CBF422 /* Build configuration list for PBXNativeTarget "Twitch Plus For Safari (macOS)" */ = {
			isa = XCConfigurationList;
			buildConfigurations = (
				718D79372F73E7CF00CBF422 /* Debug */,
				718D79382F73E7CF00CBF422 /* Release */,
			);
			defaultConfigurationIsVisible = 0;
			defaultConfigurationName = Release;
		};
/* End XCConfigurationList section */
	};
	rootObject = 718D78BF2F73E7CE00CBF422 /* Project object */;
}
